
Microsoft Visual Studio Solution File, Format Version 12.00
# Visual Studio Version 16
VisualStudioVersion = 16.0.30517.126
MinimumVisualStudioVersion = 10.0.40219.1
Project("{2150E333-8FDC-42A3-9474-1A3956D46DE8}") = "Source", "Source", "{BF5DDAFE-D435-41DD-B571-24C6FB685117}"
EndProject
Project("{2150E333-8FDC-42A3-9474-1A3956D46DE8}") = "Run", "Run", "{290E4A34-9964-43D8-B366-42B963D4A9E0}"
EndProject
Project("{9A19103F-16F7-4668-BE54-9A1E7A4F7556}") = "VogCodeChallenge.API", "VogCodeChallenge.API\VogCodeChallenge.API.csproj", "{578A181E-5029-4975-98AB-DA0E543754F8}"
EndProject
Project("{2150E333-8FDC-42A3-9474-1A3956D46DE8}") = "Core", "Core", "{688432EE-D042-446F-822E-D9510B7BE841}"
EndProject
Project("{2150E333-8FDC-42A3-9474-1A3956D46DE8}") = "Infrastructure", "Infrastructure", "{BF67FCA2-40EA-4216-B0FB-90EE3EF86640}"
EndProject
Project("{2150E333-8FDC-42A3-9474-1A3956D46DE8}") = "Application", "Application", "{2D1A203B-F4D2-4EC2-BA66-816A384BEA28}"
EndProject
Project("{9A19103F-16F7-4668-BE54-9A1E7A4F7556}") = "Core", "Core\Core.csproj", "{0A8D8B5F-E952-4962-AF2C-BB15E63EB111}"
EndProject
Project("{9A19103F-16F7-4668-BE54-9A1E7A4F7556}") = "Application", "Application\Application.csproj", "{65ECF0B1-6101-4CF0-99E7-36A2A752D999}"
EndProject
Project("{9A19103F-16F7-4668-BE54-9A1E7A4F7556}") = "Infrastructure", "Infrastructure\Infrastructure.csproj", "{AF9D8F3D-D6BB-449A-BA8A-9B0358A64ABE}"
EndProject
Project("{FAE04EC0-301F-11D3-BF4B-00C04F79EFBC}") = "VogCodeChallenge.Console", "VogCodeChallenge.Console\VogCodeChallenge.Console.csproj", "{4D63BB6C-923C-47C1-860F-2B6CCFC599C9}"
EndProject
Global
	GlobalSection(SolutionConfigurationPlatforms) = preSolution
		Debug|Any CPU = Debug|Any CPU
		Release|Any CPU = Release|Any CPU
	EndGlobalSection
	GlobalSection(ProjectConfigurationPlatforms) = postSolution
		{578A181E-5029-4975-98AB-DA0E543754F8}.Debug|Any CPU.ActiveCfg = Debug|Any CPU
		{578A181E-5029-4975-98AB-DA0E543754F8}.Debug|Any CPU.Build.0 = Debug|Any CPU
		{578A181E-5029-4975-98AB-DA0E543754F8}.Release|Any CPU.ActiveCfg = Release|Any CPU
		{578A181E-5029-4975-98AB-DA0E543754F8}.Release|Any CPU.Build.0 = Release|Any CPU
		{0A8D8B5F-E952-4962-AF2C-BB15E63EB111}.Debug|Any CPU.ActiveCfg = Debug|Any CPU
		{0A8D8B5F-E952-4962-AF2C-BB15E63EB111}.Debug|Any CPU.Build.0 = Debug|Any CPU
		{0A8D8B5F-E952-4962-AF2C-BB15E63EB111}.Release|Any CPU.ActiveCfg = Release|Any CPU
		{0A8D8B5F-E952-4962-AF2C-BB15E63EB111}.Release|Any CPU.Build.0 = Release|Any CPU
		{65ECF0B1-6101-4CF0-99E7-36A2A752D999}.Debug|Any CPU.ActiveCfg = Debug|Any CPU
		{65ECF0B1-6101-4CF0-99E7-36A2A752D999}.Debug|Any CPU.Build.0 = Debug|Any CPU
		{65ECF0B1-6101-4CF0-99E7-36A2A752D999}.Release|Any CPU.ActiveCfg = Release|Any CPU
		{65ECF0B1-6101-4CF0-99E7-36A2A752D999}.Release|Any CPU.Build.0 = Release|Any CPU
		{AF9D8F3D-D6BB-449A-BA8A-9B0358A64ABE}.Debug|Any CPU.ActiveCfg = Debug|Any CPU
		{AF9D8F3D-D6BB-449A-BA8A-9B0358A64ABE}.Debug|Any CPU.Build.0 = Debug|Any CPU
		{AF9D8F3D-D6BB-449A-BA8A-9B0358A64ABE}.Release|Any CPU.ActiveCfg = Release|Any CPU
		{AF9D8F3D-D6BB-449A-BA8A-9B0358A64ABE}.Release|Any CPU.Build.0 = Release|Any CPU
		{4D63BB6C-923C-47C1-860F-2B6CCFC599C9}.Debug|Any CPU.ActiveCfg = Debug|Any CPU
		{4D63BB6C-923C-47C1-860F-2B6CCFC599C9}.Debug|Any CPU.Build.0 = Debug|Any CPU
		{4D63BB6C-923C-47C1-860F-2B6CCFC599C9}.Release|Any CPU.ActiveCfg = Release|Any CPU
		{4D63BB6C-923C-47C1-860F-2B6CCFC599C9}.Release|Any CPU.Build.0 = Release|Any CPU
	EndGlobalSection
	GlobalSection(SolutionProperties) = preSolution
		HideSolutionNode = FALSE
	EndGlobalSection
	GlobalSection(NestedProjects) = preSolution
		{290E4A34-9964-43D8-B366-42B963D4A9E0} = {BF5DDAFE-D435-41DD-B571-24C6FB685117}
		{578A181E-5029-4975-98AB-DA0E543754F8} = {290E4A34-9964-43D8-B366-42B963D4A9E0}
		{688432EE-D042-446F-822E-D9510B7BE841} = {BF5DDAFE-D435-41DD-B571-24C6FB685117}
		{BF67FCA2-40EA-4216-B0FB-90EE3EF86640} = {BF5DDAFE-D435-41DD-B571-24C6FB685117}
		{2D1A203B-F4D2-4EC2-BA66-816A384BEA28} = {BF5DDAFE-D435-41DD-B571-24C6FB685117}
		{0A8D8B5F-E952-4962-AF2C-BB15E63EB111} = {688432EE-D042-446F-822E-D9510B7BE841}
		{65ECF0B1-6101-4CF0-99E7-36A2A752D999} = {2D1A203B-F4D2-4EC2-BA66-816A384BEA28}
		{AF9D8F3D-D6BB-449A-BA8A-9B0358A64ABE} = {BF67FCA2-40EA-4216-B0FB-90EE3EF86640}
		{4D63BB6C-923C-47C1-860F-2B6CCFC599C9} = {290E4A34-9964-43D8-B366-42B963D4A9E0}
	EndGlobalSection
	GlobalSection(ExtensibilityGlobals) = postSolution
		SolutionGuid = {FEE4663F-67CE-46D2-A709-43EEECDA78E5}
	EndGlobalSection
EndGlobal
