
Microsoft Visual Studio Solution File, Format Version 12.00
# Visual Studio Version 16
VisualStudioVersion = 16.0.30517.126
MinimumVisualStudioVersion = 10.0.40219.1
Project("{FAE04EC0-301F-11D3-BF4B-00C04F79EFBC}") = "VogCodeChallenge.API", "VogCodeChallenge.API\VogCodeChallenge.API.csproj", "{13591558-5CAC-4D1E-B8DA-3AED4D480A9C}"
EndProject
Global
	GlobalSection(SolutionConfigurationPlatforms) = preSolution
		Debug|Any CPU = Debug|Any CPU
		Release|Any CPU = Release|Any CPU
	EndGlobalSection
	GlobalSection(ProjectConfigurationPlatforms) = postSolution
		{13591558-5CAC-4D1E-B8DA-3AED4D480A9C}.Debug|Any CPU.ActiveCfg = Debug|Any CPU
		{13591558-5CAC-4D1E-B8DA-3AED4D480A9C}.Debug|Any CPU.Build.0 = Debug|Any CPU
		{13591558-5CAC-4D1E-B8DA-3AED4D480A9C}.Release|Any CPU.ActiveCfg = Release|Any CPU
		{13591558-5CAC-4D1E-B8DA-3AED4D480A9C}.Release|Any CPU.Build.0 = Release|Any CPU
	EndGlobalSection
	GlobalSection(SolutionProperties) = preSolution
		HideSolutionNode = FALSE
	EndGlobalSection
	GlobalSection(ExtensibilityGlobals) = postSolution
		SolutionGuid = {FEE4663F-67CE-46D2-A709-43EEECDA78E5}
	EndGlobalSection
EndGlobal
